
Microsoft Visual Studio Solution File, Format Version 12.00
# Visual Studio 14
VisualStudioVersion = 14.0.25420.1
MinimumVisualStudioVersion = 10.0.40219.1
Project("{2150E333-8FDC-42A3-9474-1A3956D46DE8}") = "Cpp", "Cpp", "{14F62F1C-C2E6-4C79-A10C-1571821CEB2E}"
EndProject
Project("{2150E333-8FDC-42A3-9474-1A3956D46DE8}") = "CSharp", "CSharp", "{82420225-CDDB-4426-916F-44A23B20B8A0}"
EndProject
Project("{2150E333-8FDC-42A3-9474-1A3956D46DE8}") = "Python", "Python", "{226570B0-BA66-4D61-A9E3-AC079096E14C}"
EndProject
Project("{2150E333-8FDC-42A3-9474-1A3956D46DE8}") = "Javascript", "Javascript", "{F8BABAAF-F0DB-43FC-BF23-2BF34813F48C}"
EndProject
Project("{8BC9CEB8-8B4A-11D0-8D11-00A0C91BC942}") = "ArraySumInDifferentWays", "Cpp\ArraySumInDifferentWays\ArraySumInDifferentWays.vcxproj", "{337EA565-8DC5-475A-BA11-DF18EF33D836}"
EndProject
Project("{8BC9CEB8-8B4A-11D0-8D11-00A0C91BC942}") = "Basics", "Cpp\Basics\Basics.vcxproj", "{8F83C4FC-6D65-4D98-8D9D-E63ABCDC784B}"
EndProject
Project("{8BC9CEB8-8B4A-11D0-8D11-00A0C91BC942}") = "BigDirectoryList", "Cpp\BigDirectoryList\BigDirectoryList.vcxproj", "{8B04577F-B098-4B28-925C-BCF2C8BD051E}"
EndProject
Project("{8BC9CEB8-8B4A-11D0-8D11-00A0C91BC942}") = "Containers_and_Algorithms", "Cpp\Containers_and_Algorithms\Containers_and_Algorithms.vcxproj", "{43A73555-2791-4FB8-9F48-1A40B83E0174}"
EndProject
Project("{8BC9CEB8-8B4A-11D0-8D11-00A0C91BC942}") = "Files", "Cpp\Files\Files.vcxproj", "{66B859CE-48AB-4BEA-98A1-6A0BEBC219DB}"
EndProject
Project("{8BC9CEB8-8B4A-11D0-8D11-00A0C91BC942}") = "FunctionObjects", "Cpp\FunctionObjects\FunctionObjects.vcxproj", "{72FC91CB-E713-4806-8855-789D903FEB27}"
EndProject
Project("{8BC9CEB8-8B4A-11D0-8D11-00A0C91BC942}") = "Lambdas", "Cpp\Lambdas\Lambdas.vcxproj", "{0CA812FB-51AD-4064-B343-1F5907EB2B4B}"
EndProject
Project("{8BC9CEB8-8B4A-11D0-8D11-00A0C91BC942}") = "Metaprogramming", "Cpp\Metaprogramming\Metaprogramming.vcxproj", "{8D97B63C-AB7D-4890-92B9-D9BA6CDA00CC}"
EndProject
Project("{8BC9CEB8-8B4A-11D0-8D11-00A0C91BC942}") = "SharedPointers", "Cpp\SharedPointers\SharedPointers.vcxproj", "{945E5E77-3BE4-4E0B-9E29-438AB4325433}"
EndProject
Project("{8BC9CEB8-8B4A-11D0-8D11-00A0C91BC942}") = "Strings", "Cpp\Strings\Strings.vcxproj", "{E4EED4A0-7775-4091-B86D-EF7B957D6ACE}"
EndProject
Project("{8BC9CEB8-8B4A-11D0-8D11-00A0C91BC942}") = "TestingBoostFunction", "Cpp\TestingBoostFunction\TestingBoostFunction.vcxproj", "{E5F09A4D-1171-4682-AA24-606CB0C21AE4}"
EndProject
Project("{8BC9CEB8-8B4A-11D0-8D11-00A0C91BC942}") = "Threads", "Cpp\Threads\Threads.vcxproj", "{5E80F988-9831-4FFE-A5E9-ECB7E6912BE7}"
EndProject
Global
	GlobalSection(SolutionConfigurationPlatforms) = preSolution
		Debug|x86 = Debug|x86
		Release|x86 = Release|x86
	EndGlobalSection
	GlobalSection(ProjectConfigurationPlatforms) = postSolution
		{337EA565-8DC5-475A-BA11-DF18EF33D836}.Debug|x86.ActiveCfg = Debug|Win32
		{337EA565-8DC5-475A-BA11-DF18EF33D836}.Debug|x86.Build.0 = Debug|Win32
		{337EA565-8DC5-475A-BA11-DF18EF33D836}.Release|x86.ActiveCfg = Release|Win32
		{337EA565-8DC5-475A-BA11-DF18EF33D836}.Release|x86.Build.0 = Release|Win32
		{8F83C4FC-6D65-4D98-8D9D-E63ABCDC784B}.Debug|x86.ActiveCfg = Debug|Win32
		{8F83C4FC-6D65-4D98-8D9D-E63ABCDC784B}.Debug|x86.Build.0 = Debug|Win32
		{8F83C4FC-6D65-4D98-8D9D-E63ABCDC784B}.Release|x86.ActiveCfg = Release|Win32
		{8F83C4FC-6D65-4D98-8D9D-E63ABCDC784B}.Release|x86.Build.0 = Release|Win32
		{8B04577F-B098-4B28-925C-BCF2C8BD051E}.Debug|x86.ActiveCfg = Debug|Win32
		{8B04577F-B098-4B28-925C-BCF2C8BD051E}.Debug|x86.Build.0 = Debug|Win32
		{8B04577F-B098-4B28-925C-BCF2C8BD051E}.Release|x86.ActiveCfg = Release|Win32
		{8B04577F-B098-4B28-925C-BCF2C8BD051E}.Release|x86.Build.0 = Release|Win32
		{43A73555-2791-4FB8-9F48-1A40B83E0174}.Debug|x86.ActiveCfg = Debug|Win32
		{43A73555-2791-4FB8-9F48-1A40B83E0174}.Debug|x86.Build.0 = Debug|Win32
		{43A73555-2791-4FB8-9F48-1A40B83E0174}.Release|x86.ActiveCfg = Release|Win32
		{43A73555-2791-4FB8-9F48-1A40B83E0174}.Release|x86.Build.0 = Release|Win32
		{66B859CE-48AB-4BEA-98A1-6A0BEBC219DB}.Debug|x86.ActiveCfg = Debug|Win32
		{66B859CE-48AB-4BEA-98A1-6A0BEBC219DB}.Debug|x86.Build.0 = Debug|Win32
		{66B859CE-48AB-4BEA-98A1-6A0BEBC219DB}.Release|x86.ActiveCfg = Release|Win32
		{66B859CE-48AB-4BEA-98A1-6A0BEBC219DB}.Release|x86.Build.0 = Release|Win32
		{72FC91CB-E713-4806-8855-789D903FEB27}.Debug|x86.ActiveCfg = Debug|Win32
		{72FC91CB-E713-4806-8855-789D903FEB27}.Debug|x86.Build.0 = Debug|Win32
		{72FC91CB-E713-4806-8855-789D903FEB27}.Release|x86.ActiveCfg = Release|Win32
		{72FC91CB-E713-4806-8855-789D903FEB27}.Release|x86.Build.0 = Release|Win32
		{0CA812FB-51AD-4064-B343-1F5907EB2B4B}.Debug|x86.ActiveCfg = Debug|Win32
		{0CA812FB-51AD-4064-B343-1F5907EB2B4B}.Debug|x86.Build.0 = Debug|Win32
		{0CA812FB-51AD-4064-B343-1F5907EB2B4B}.Release|x86.ActiveCfg = Release|Win32
		{0CA812FB-51AD-4064-B343-1F5907EB2B4B}.Release|x86.Build.0 = Release|Win32
		{8D97B63C-AB7D-4890-92B9-D9BA6CDA00CC}.Debug|x86.ActiveCfg = Debug|Win32
		{8D97B63C-AB7D-4890-92B9-D9BA6CDA00CC}.Debug|x86.Build.0 = Debug|Win32
		{8D97B63C-AB7D-4890-92B9-D9BA6CDA00CC}.Release|x86.ActiveCfg = Release|Win32
		{8D97B63C-AB7D-4890-92B9-D9BA6CDA00CC}.Release|x86.Build.0 = Release|Win32
		{945E5E77-3BE4-4E0B-9E29-438AB4325433}.Debug|x86.ActiveCfg = Debug|Win32
		{945E5E77-3BE4-4E0B-9E29-438AB4325433}.Debug|x86.Build.0 = Debug|Win32
		{945E5E77-3BE4-4E0B-9E29-438AB4325433}.Release|x86.ActiveCfg = Release|Win32
		{945E5E77-3BE4-4E0B-9E29-438AB4325433}.Release|x86.Build.0 = Release|Win32
		{E4EED4A0-7775-4091-B86D-EF7B957D6ACE}.Debug|x86.ActiveCfg = Debug|Win32
		{E4EED4A0-7775-4091-B86D-EF7B957D6ACE}.Debug|x86.Build.0 = Debug|Win32
		{E4EED4A0-7775-4091-B86D-EF7B957D6ACE}.Release|x86.ActiveCfg = Release|Win32
		{E4EED4A0-7775-4091-B86D-EF7B957D6ACE}.Release|x86.Build.0 = Release|Win32
		{E5F09A4D-1171-4682-AA24-606CB0C21AE4}.Debug|x86.ActiveCfg = Debug|Win32
		{E5F09A4D-1171-4682-AA24-606CB0C21AE4}.Debug|x86.Build.0 = Debug|Win32
		{E5F09A4D-1171-4682-AA24-606CB0C21AE4}.Release|x86.ActiveCfg = Release|Win32
		{E5F09A4D-1171-4682-AA24-606CB0C21AE4}.Release|x86.Build.0 = Release|Win32
		{5E80F988-9831-4FFE-A5E9-ECB7E6912BE7}.Debug|x86.ActiveCfg = Debug|Win32
		{5E80F988-9831-4FFE-A5E9-ECB7E6912BE7}.Debug|x86.Build.0 = Debug|Win32
		{5E80F988-9831-4FFE-A5E9-ECB7E6912BE7}.Release|x86.ActiveCfg = Release|Win32
		{5E80F988-9831-4FFE-A5E9-ECB7E6912BE7}.Release|x86.Build.0 = Release|Win32
	EndGlobalSection
	GlobalSection(SolutionProperties) = preSolution
		HideSolutionNode = FALSE
	EndGlobalSection
	GlobalSection(NestedProjects) = preSolution
		{337EA565-8DC5-475A-BA11-DF18EF33D836} = {14F62F1C-C2E6-4C79-A10C-1571821CEB2E}
		{8F83C4FC-6D65-4D98-8D9D-E63ABCDC784B} = {14F62F1C-C2E6-4C79-A10C-1571821CEB2E}
		{8B04577F-B098-4B28-925C-BCF2C8BD051E} = {14F62F1C-C2E6-4C79-A10C-1571821CEB2E}
		{43A73555-2791-4FB8-9F48-1A40B83E0174} = {14F62F1C-C2E6-4C79-A10C-1571821CEB2E}
		{66B859CE-48AB-4BEA-98A1-6A0BEBC219DB} = {14F62F1C-C2E6-4C79-A10C-1571821CEB2E}
		{72FC91CB-E713-4806-8855-789D903FEB27} = {14F62F1C-C2E6-4C79-A10C-1571821CEB2E}
		{0CA812FB-51AD-4064-B343-1F5907EB2B4B} = {14F62F1C-C2E6-4C79-A10C-1571821CEB2E}
		{8D97B63C-AB7D-4890-92B9-D9BA6CDA00CC} = {14F62F1C-C2E6-4C79-A10C-1571821CEB2E}
		{945E5E77-3BE4-4E0B-9E29-438AB4325433} = {14F62F1C-C2E6-4C79-A10C-1571821CEB2E}
		{E4EED4A0-7775-4091-B86D-EF7B957D6ACE} = {14F62F1C-C2E6-4C79-A10C-1571821CEB2E}
		{E5F09A4D-1171-4682-AA24-606CB0C21AE4} = {14F62F1C-C2E6-4C79-A10C-1571821CEB2E}
		{5E80F988-9831-4FFE-A5E9-ECB7E6912BE7} = {14F62F1C-C2E6-4C79-A10C-1571821CEB2E}
	EndGlobalSection
EndGlobal
