
Microsoft Visual Studio Solution File, Format Version 12.00
# Visual Studio 15
VisualStudioVersion = 15.0.28307.852
MinimumVisualStudioVersion = 10.0.40219.1
Project("{2150E333-8FDC-42A3-9474-1A3956D46DE8}") = "Cpp", "Cpp", "{14F62F1C-C2E6-4C79-A10C-1571821CEB2E}"
EndProject
Project("{2150E333-8FDC-42A3-9474-1A3956D46DE8}") = "CSharp", "CSharp", "{82420225-CDDB-4426-916F-44A23B20B8A0}"
EndProject
Project("{2150E333-8FDC-42A3-9474-1A3956D46DE8}") = "Python", "Python", "{226570B0-BA66-4D61-A9E3-AC079096E14C}"
EndProject
Project("{2150E333-8FDC-42A3-9474-1A3956D46DE8}") = "Javascript", "Javascript", "{F8BABAAF-F0DB-43FC-BF23-2BF34813F48C}"
EndProject
Project("{8BC9CEB8-8B4A-11D0-8D11-00A0C91BC942}") = "ArraySumInDifferentWays", "Cpp\ArraySumInDifferentWays\ArraySumInDifferentWays.vcxproj", "{337EA565-8DC5-475A-BA11-DF18EF33D836}"
EndProject
Project("{8BC9CEB8-8B4A-11D0-8D11-00A0C91BC942}") = "Basics", "Cpp\Basics\Basics.vcxproj", "{8F83C4FC-6D65-4D98-8D9D-E63ABCDC784B}"
EndProject
Project("{8BC9CEB8-8B4A-11D0-8D11-00A0C91BC942}") = "BigDirectoryList", "Cpp\BigDirectoryList\BigDirectoryList.vcxproj", "{8B04577F-B098-4B28-925C-BCF2C8BD051E}"
EndProject
Project("{8BC9CEB8-8B4A-11D0-8D11-00A0C91BC942}") = "Containers_and_Algorithms", "Cpp\Containers_and_Algorithms\Containers_and_Algorithms.vcxproj", "{43A73555-2791-4FB8-9F48-1A40B83E0174}"
EndProject
Project("{8BC9CEB8-8B4A-11D0-8D11-00A0C91BC942}") = "Files", "Cpp\Files\Files.vcxproj", "{66B859CE-48AB-4BEA-98A1-6A0BEBC219DB}"
EndProject
Project("{8BC9CEB8-8B4A-11D0-8D11-00A0C91BC942}") = "FunctionObjects", "Cpp\FunctionObjects\FunctionObjects.vcxproj", "{72FC91CB-E713-4806-8855-789D903FEB27}"
EndProject
Project("{8BC9CEB8-8B4A-11D0-8D11-00A0C91BC942}") = "Lambdas", "Cpp\Lambdas\Lambdas.vcxproj", "{0CA812FB-51AD-4064-B343-1F5907EB2B4B}"
EndProject
Project("{8BC9CEB8-8B4A-11D0-8D11-00A0C91BC942}") = "Metaprogramming", "Cpp\Metaprogramming\Metaprogramming.vcxproj", "{8D97B63C-AB7D-4890-92B9-D9BA6CDA00CC}"
EndProject
Project("{8BC9CEB8-8B4A-11D0-8D11-00A0C91BC942}") = "SharedPointers", "Cpp\SharedPointers\SharedPointers.vcxproj", "{945E5E77-3BE4-4E0B-9E29-438AB4325433}"
EndProject
Project("{8BC9CEB8-8B4A-11D0-8D11-00A0C91BC942}") = "Strings", "Cpp\Strings\Strings.vcxproj", "{E4EED4A0-7775-4091-B86D-EF7B957D6ACE}"
EndProject
Project("{8BC9CEB8-8B4A-11D0-8D11-00A0C91BC942}") = "TestingBoostFunction", "Cpp\TestingBoostFunction\TestingBoostFunction.vcxproj", "{E5F09A4D-1171-4682-AA24-606CB0C21AE4}"
EndProject
Project("{8BC9CEB8-8B4A-11D0-8D11-00A0C91BC942}") = "Threads", "Cpp\Threads\Threads.vcxproj", "{5E80F988-9831-4FFE-A5E9-ECB7E6912BE7}"
EndProject
Project("{FAE04EC0-301F-11D3-BF4B-00C04F79EFBC}") = "TestDelegatesEvents", "CSharp\TestDelegatesEvents\TestDelegatesEvents.csproj", "{C354366E-6124-451E-BE19-2FA99ECA7163}"
EndProject
Project("{FAE04EC0-301F-11D3-BF4B-00C04F79EFBC}") = "Testing_Expression", "CSharp\Testing_Expression\Testing_Expression.csproj", "{FA7A55D2-B822-4DBE-860B-D962071517DC}"
EndProject
Project("{FAE04EC0-301F-11D3-BF4B-00C04F79EFBC}") = "Testing_Func_Lambdas", "CSharp\Testing_Func_Lambdas\Testing_Func_Lambdas.csproj", "{B1647F19-F0E0-4D58-8AB7-B5A4B25A43EC}"
EndProject
Project("{FAE04EC0-301F-11D3-BF4B-00C04F79EFBC}") = "TestInheritance", "CSharp\TestInheritance\TestInheritance.csproj", "{1ABE78FA-BF9F-4A87-9174-4CF75CA889F5}"
EndProject
Project("{8BC9CEB8-8B4A-11D0-8D11-00A0C91BC942}") = "TestingMoveSemanticsWithMatrixComputation", "Cpp\TestingMoveSemanticsWithMatrixComputation\TestingMoveSemanticsWithMatrixComputation.vcxproj", "{EBD29122-8724-482A-89D1-74FD6AF590B5}"
EndProject
Project("{8BC9CEB8-8B4A-11D0-8D11-00A0C91BC942}") = "LoadingCatchTestResults", "Cpp\LoadingCatchTestResults\LoadingCatchTestResults.vcxproj", "{36E70841-9488-46F3-B9D9-CC86FBC1656B}"
EndProject
Global
	GlobalSection(SolutionConfigurationPlatforms) = preSolution
		Debug|Any CPU = Debug|Any CPU
		Debug|x64 = Debug|x64
		Debug|x86 = Debug|x86
		Release|Any CPU = Release|Any CPU
		Release|x64 = Release|x64
		Release|x86 = Release|x86
	EndGlobalSection
	GlobalSection(ProjectConfigurationPlatforms) = postSolution
		{337EA565-8DC5-475A-BA11-DF18EF33D836}.Debug|Any CPU.ActiveCfg = Debug|Win32
		{337EA565-8DC5-475A-BA11-DF18EF33D836}.Debug|x64.ActiveCfg = Debug|Win32
		{337EA565-8DC5-475A-BA11-DF18EF33D836}.Debug|x86.ActiveCfg = Debug|Win32
		{337EA565-8DC5-475A-BA11-DF18EF33D836}.Debug|x86.Build.0 = Debug|Win32
		{337EA565-8DC5-475A-BA11-DF18EF33D836}.Release|Any CPU.ActiveCfg = Release|Win32
		{337EA565-8DC5-475A-BA11-DF18EF33D836}.Release|x64.ActiveCfg = Release|Win32
		{337EA565-8DC5-475A-BA11-DF18EF33D836}.Release|x86.ActiveCfg = Release|Win32
		{337EA565-8DC5-475A-BA11-DF18EF33D836}.Release|x86.Build.0 = Release|Win32
		{8F83C4FC-6D65-4D98-8D9D-E63ABCDC784B}.Debug|Any CPU.ActiveCfg = Debug|Win32
		{8F83C4FC-6D65-4D98-8D9D-E63ABCDC784B}.Debug|x64.ActiveCfg = Debug|Win32
		{8F83C4FC-6D65-4D98-8D9D-E63ABCDC784B}.Debug|x86.ActiveCfg = Debug|Win32
		{8F83C4FC-6D65-4D98-8D9D-E63ABCDC784B}.Debug|x86.Build.0 = Debug|Win32
		{8F83C4FC-6D65-4D98-8D9D-E63ABCDC784B}.Release|Any CPU.ActiveCfg = Release|Win32
		{8F83C4FC-6D65-4D98-8D9D-E63ABCDC784B}.Release|x64.ActiveCfg = Release|Win32
		{8F83C4FC-6D65-4D98-8D9D-E63ABCDC784B}.Release|x86.ActiveCfg = Release|Win32
		{8F83C4FC-6D65-4D98-8D9D-E63ABCDC784B}.Release|x86.Build.0 = Release|Win32
		{8B04577F-B098-4B28-925C-BCF2C8BD051E}.Debug|Any CPU.ActiveCfg = Debug|Win32
		{8B04577F-B098-4B28-925C-BCF2C8BD051E}.Debug|x64.ActiveCfg = Debug|Win32
		{8B04577F-B098-4B28-925C-BCF2C8BD051E}.Debug|x86.ActiveCfg = Debug|Win32
		{8B04577F-B098-4B28-925C-BCF2C8BD051E}.Release|Any CPU.ActiveCfg = Release|Win32
		{8B04577F-B098-4B28-925C-BCF2C8BD051E}.Release|x64.ActiveCfg = Release|Win32
		{8B04577F-B098-4B28-925C-BCF2C8BD051E}.Release|x86.ActiveCfg = Release|Win32
		{8B04577F-B098-4B28-925C-BCF2C8BD051E}.Release|x86.Build.0 = Release|Win32
		{43A73555-2791-4FB8-9F48-1A40B83E0174}.Debug|Any CPU.ActiveCfg = Debug|Win32
		{43A73555-2791-4FB8-9F48-1A40B83E0174}.Debug|x64.ActiveCfg = Debug|Win32
		{43A73555-2791-4FB8-9F48-1A40B83E0174}.Debug|x86.ActiveCfg = Debug|Win32
		{43A73555-2791-4FB8-9F48-1A40B83E0174}.Debug|x86.Build.0 = Debug|Win32
		{43A73555-2791-4FB8-9F48-1A40B83E0174}.Release|Any CPU.ActiveCfg = Release|Win32
		{43A73555-2791-4FB8-9F48-1A40B83E0174}.Release|x64.ActiveCfg = Release|Win32
		{43A73555-2791-4FB8-9F48-1A40B83E0174}.Release|x86.ActiveCfg = Release|Win32
		{43A73555-2791-4FB8-9F48-1A40B83E0174}.Release|x86.Build.0 = Release|Win32
		{66B859CE-48AB-4BEA-98A1-6A0BEBC219DB}.Debug|Any CPU.ActiveCfg = Debug|Win32
		{66B859CE-48AB-4BEA-98A1-6A0BEBC219DB}.Debug|x64.ActiveCfg = Debug|Win32
		{66B859CE-48AB-4BEA-98A1-6A0BEBC219DB}.Debug|x86.ActiveCfg = Debug|Win32
		{66B859CE-48AB-4BEA-98A1-6A0BEBC219DB}.Debug|x86.Build.0 = Debug|Win32
		{66B859CE-48AB-4BEA-98A1-6A0BEBC219DB}.Release|Any CPU.ActiveCfg = Release|Win32
		{66B859CE-48AB-4BEA-98A1-6A0BEBC219DB}.Release|x64.ActiveCfg = Release|Win32
		{66B859CE-48AB-4BEA-98A1-6A0BEBC219DB}.Release|x86.ActiveCfg = Release|Win32
		{66B859CE-48AB-4BEA-98A1-6A0BEBC219DB}.Release|x86.Build.0 = Release|Win32
		{72FC91CB-E713-4806-8855-789D903FEB27}.Debug|Any CPU.ActiveCfg = Debug|Win32
		{72FC91CB-E713-4806-8855-789D903FEB27}.Debug|x64.ActiveCfg = Debug|Win32
		{72FC91CB-E713-4806-8855-789D903FEB27}.Debug|x86.ActiveCfg = Debug|Win32
		{72FC91CB-E713-4806-8855-789D903FEB27}.Debug|x86.Build.0 = Debug|Win32
		{72FC91CB-E713-4806-8855-789D903FEB27}.Release|Any CPU.ActiveCfg = Release|Win32
		{72FC91CB-E713-4806-8855-789D903FEB27}.Release|x64.ActiveCfg = Release|Win32
		{72FC91CB-E713-4806-8855-789D903FEB27}.Release|x86.ActiveCfg = Release|Win32
		{72FC91CB-E713-4806-8855-789D903FEB27}.Release|x86.Build.0 = Release|Win32
		{0CA812FB-51AD-4064-B343-1F5907EB2B4B}.Debug|Any CPU.ActiveCfg = Debug|Win32
		{0CA812FB-51AD-4064-B343-1F5907EB2B4B}.Debug|x64.ActiveCfg = Debug|Win32
		{0CA812FB-51AD-4064-B343-1F5907EB2B4B}.Debug|x86.ActiveCfg = Debug|Win32
		{0CA812FB-51AD-4064-B343-1F5907EB2B4B}.Debug|x86.Build.0 = Debug|Win32
		{0CA812FB-51AD-4064-B343-1F5907EB2B4B}.Release|Any CPU.ActiveCfg = Release|Win32
		{0CA812FB-51AD-4064-B343-1F5907EB2B4B}.Release|x64.ActiveCfg = Release|Win32
		{0CA812FB-51AD-4064-B343-1F5907EB2B4B}.Release|x86.ActiveCfg = Release|Win32
		{0CA812FB-51AD-4064-B343-1F5907EB2B4B}.Release|x86.Build.0 = Release|Win32
		{8D97B63C-AB7D-4890-92B9-D9BA6CDA00CC}.Debug|Any CPU.ActiveCfg = Debug|Win32
		{8D97B63C-AB7D-4890-92B9-D9BA6CDA00CC}.Debug|x64.ActiveCfg = Debug|Win32
		{8D97B63C-AB7D-4890-92B9-D9BA6CDA00CC}.Debug|x86.ActiveCfg = Debug|Win32
		{8D97B63C-AB7D-4890-92B9-D9BA6CDA00CC}.Debug|x86.Build.0 = Debug|Win32
		{8D97B63C-AB7D-4890-92B9-D9BA6CDA00CC}.Release|Any CPU.ActiveCfg = Release|Win32
		{8D97B63C-AB7D-4890-92B9-D9BA6CDA00CC}.Release|x64.ActiveCfg = Release|Win32
		{8D97B63C-AB7D-4890-92B9-D9BA6CDA00CC}.Release|x86.ActiveCfg = Release|Win32
		{8D97B63C-AB7D-4890-92B9-D9BA6CDA00CC}.Release|x86.Build.0 = Release|Win32
		{945E5E77-3BE4-4E0B-9E29-438AB4325433}.Debug|Any CPU.ActiveCfg = Debug|Win32
		{945E5E77-3BE4-4E0B-9E29-438AB4325433}.Debug|x64.ActiveCfg = Debug|Win32
		{945E5E77-3BE4-4E0B-9E29-438AB4325433}.Debug|x86.ActiveCfg = Debug|Win32
		{945E5E77-3BE4-4E0B-9E29-438AB4325433}.Debug|x86.Build.0 = Debug|Win32
		{945E5E77-3BE4-4E0B-9E29-438AB4325433}.Release|Any CPU.ActiveCfg = Release|Win32
		{945E5E77-3BE4-4E0B-9E29-438AB4325433}.Release|x64.ActiveCfg = Release|Win32
		{945E5E77-3BE4-4E0B-9E29-438AB4325433}.Release|x86.ActiveCfg = Release|Win32
		{945E5E77-3BE4-4E0B-9E29-438AB4325433}.Release|x86.Build.0 = Release|Win32
		{E4EED4A0-7775-4091-B86D-EF7B957D6ACE}.Debug|Any CPU.ActiveCfg = Debug|Win32
		{E4EED4A0-7775-4091-B86D-EF7B957D6ACE}.Debug|x64.ActiveCfg = Debug|Win32
		{E4EED4A0-7775-4091-B86D-EF7B957D6ACE}.Debug|x86.ActiveCfg = Debug|Win32
		{E4EED4A0-7775-4091-B86D-EF7B957D6ACE}.Debug|x86.Build.0 = Debug|Win32
		{E4EED4A0-7775-4091-B86D-EF7B957D6ACE}.Release|Any CPU.ActiveCfg = Release|Win32
		{E4EED4A0-7775-4091-B86D-EF7B957D6ACE}.Release|x64.ActiveCfg = Release|Win32
		{E4EED4A0-7775-4091-B86D-EF7B957D6ACE}.Release|x86.ActiveCfg = Release|Win32
		{E4EED4A0-7775-4091-B86D-EF7B957D6ACE}.Release|x86.Build.0 = Release|Win32
		{E5F09A4D-1171-4682-AA24-606CB0C21AE4}.Debug|Any CPU.ActiveCfg = Debug|Win32
		{E5F09A4D-1171-4682-AA24-606CB0C21AE4}.Debug|x64.ActiveCfg = Debug|Win32
		{E5F09A4D-1171-4682-AA24-606CB0C21AE4}.Debug|x86.ActiveCfg = Debug|Win32
		{E5F09A4D-1171-4682-AA24-606CB0C21AE4}.Release|Any CPU.ActiveCfg = Release|Win32
		{E5F09A4D-1171-4682-AA24-606CB0C21AE4}.Release|x64.ActiveCfg = Release|Win32
		{E5F09A4D-1171-4682-AA24-606CB0C21AE4}.Release|x86.ActiveCfg = Release|Win32
		{E5F09A4D-1171-4682-AA24-606CB0C21AE4}.Release|x86.Build.0 = Release|Win32
		{5E80F988-9831-4FFE-A5E9-ECB7E6912BE7}.Debug|Any CPU.ActiveCfg = Debug|Win32
		{5E80F988-9831-4FFE-A5E9-ECB7E6912BE7}.Debug|x64.ActiveCfg = Debug|Win32
		{5E80F988-9831-4FFE-A5E9-ECB7E6912BE7}.Debug|x86.ActiveCfg = Debug|Win32
		{5E80F988-9831-4FFE-A5E9-ECB7E6912BE7}.Debug|x86.Build.0 = Debug|Win32
		{5E80F988-9831-4FFE-A5E9-ECB7E6912BE7}.Release|Any CPU.ActiveCfg = Release|Win32
		{5E80F988-9831-4FFE-A5E9-ECB7E6912BE7}.Release|x64.ActiveCfg = Release|Win32
		{5E80F988-9831-4FFE-A5E9-ECB7E6912BE7}.Release|x86.ActiveCfg = Release|Win32
		{5E80F988-9831-4FFE-A5E9-ECB7E6912BE7}.Release|x86.Build.0 = Release|Win32
		{C354366E-6124-451E-BE19-2FA99ECA7163}.Debug|Any CPU.ActiveCfg = Debug|Any CPU
		{C354366E-6124-451E-BE19-2FA99ECA7163}.Debug|Any CPU.Build.0 = Debug|Any CPU
		{C354366E-6124-451E-BE19-2FA99ECA7163}.Debug|x64.ActiveCfg = Debug|Any CPU
		{C354366E-6124-451E-BE19-2FA99ECA7163}.Debug|x64.Build.0 = Debug|Any CPU
		{C354366E-6124-451E-BE19-2FA99ECA7163}.Debug|x86.ActiveCfg = Debug|Any CPU
		{C354366E-6124-451E-BE19-2FA99ECA7163}.Debug|x86.Build.0 = Debug|Any CPU
		{C354366E-6124-451E-BE19-2FA99ECA7163}.Release|Any CPU.ActiveCfg = Release|Any CPU
		{C354366E-6124-451E-BE19-2FA99ECA7163}.Release|Any CPU.Build.0 = Release|Any CPU
		{C354366E-6124-451E-BE19-2FA99ECA7163}.Release|x64.ActiveCfg = Release|Any CPU
		{C354366E-6124-451E-BE19-2FA99ECA7163}.Release|x64.Build.0 = Release|Any CPU
		{C354366E-6124-451E-BE19-2FA99ECA7163}.Release|x86.ActiveCfg = Release|Any CPU
		{C354366E-6124-451E-BE19-2FA99ECA7163}.Release|x86.Build.0 = Release|Any CPU
		{FA7A55D2-B822-4DBE-860B-D962071517DC}.Debug|Any CPU.ActiveCfg = Debug|Any CPU
		{FA7A55D2-B822-4DBE-860B-D962071517DC}.Debug|Any CPU.Build.0 = Debug|Any CPU
		{FA7A55D2-B822-4DBE-860B-D962071517DC}.Debug|x64.ActiveCfg = Debug|Any CPU
		{FA7A55D2-B822-4DBE-860B-D962071517DC}.Debug|x64.Build.0 = Debug|Any CPU
		{FA7A55D2-B822-4DBE-860B-D962071517DC}.Debug|x86.ActiveCfg = Debug|Any CPU
		{FA7A55D2-B822-4DBE-860B-D962071517DC}.Debug|x86.Build.0 = Debug|Any CPU
		{FA7A55D2-B822-4DBE-860B-D962071517DC}.Release|Any CPU.ActiveCfg = Release|Any CPU
		{FA7A55D2-B822-4DBE-860B-D962071517DC}.Release|Any CPU.Build.0 = Release|Any CPU
		{FA7A55D2-B822-4DBE-860B-D962071517DC}.Release|x64.ActiveCfg = Release|Any CPU
		{FA7A55D2-B822-4DBE-860B-D962071517DC}.Release|x64.Build.0 = Release|Any CPU
		{FA7A55D2-B822-4DBE-860B-D962071517DC}.Release|x86.ActiveCfg = Release|Any CPU
		{FA7A55D2-B822-4DBE-860B-D962071517DC}.Release|x86.Build.0 = Release|Any CPU
		{B1647F19-F0E0-4D58-8AB7-B5A4B25A43EC}.Debug|Any CPU.ActiveCfg = Debug|Any CPU
		{B1647F19-F0E0-4D58-8AB7-B5A4B25A43EC}.Debug|Any CPU.Build.0 = Debug|Any CPU
		{B1647F19-F0E0-4D58-8AB7-B5A4B25A43EC}.Debug|x64.ActiveCfg = Debug|Any CPU
		{B1647F19-F0E0-4D58-8AB7-B5A4B25A43EC}.Debug|x64.Build.0 = Debug|Any CPU
		{B1647F19-F0E0-4D58-8AB7-B5A4B25A43EC}.Debug|x86.ActiveCfg = Debug|Any CPU
		{B1647F19-F0E0-4D58-8AB7-B5A4B25A43EC}.Debug|x86.Build.0 = Debug|Any CPU
		{B1647F19-F0E0-4D58-8AB7-B5A4B25A43EC}.Release|Any CPU.ActiveCfg = Release|Any CPU
		{B1647F19-F0E0-4D58-8AB7-B5A4B25A43EC}.Release|Any CPU.Build.0 = Release|Any CPU
		{B1647F19-F0E0-4D58-8AB7-B5A4B25A43EC}.Release|x64.ActiveCfg = Release|Any CPU
		{B1647F19-F0E0-4D58-8AB7-B5A4B25A43EC}.Release|x64.Build.0 = Release|Any CPU
		{B1647F19-F0E0-4D58-8AB7-B5A4B25A43EC}.Release|x86.ActiveCfg = Release|Any CPU
		{B1647F19-F0E0-4D58-8AB7-B5A4B25A43EC}.Release|x86.Build.0 = Release|Any CPU
		{1ABE78FA-BF9F-4A87-9174-4CF75CA889F5}.Debug|Any CPU.ActiveCfg = Debug|Any CPU
		{1ABE78FA-BF9F-4A87-9174-4CF75CA889F5}.Debug|Any CPU.Build.0 = Debug|Any CPU
		{1ABE78FA-BF9F-4A87-9174-4CF75CA889F5}.Debug|x64.ActiveCfg = Debug|Any CPU
		{1ABE78FA-BF9F-4A87-9174-4CF75CA889F5}.Debug|x64.Build.0 = Debug|Any CPU
		{1ABE78FA-BF9F-4A87-9174-4CF75CA889F5}.Debug|x86.ActiveCfg = Debug|Any CPU
		{1ABE78FA-BF9F-4A87-9174-4CF75CA889F5}.Debug|x86.Build.0 = Debug|Any CPU
		{1ABE78FA-BF9F-4A87-9174-4CF75CA889F5}.Release|Any CPU.ActiveCfg = Release|Any CPU
		{1ABE78FA-BF9F-4A87-9174-4CF75CA889F5}.Release|Any CPU.Build.0 = Release|Any CPU
		{1ABE78FA-BF9F-4A87-9174-4CF75CA889F5}.Release|x64.ActiveCfg = Release|Any CPU
		{1ABE78FA-BF9F-4A87-9174-4CF75CA889F5}.Release|x64.Build.0 = Release|Any CPU
		{1ABE78FA-BF9F-4A87-9174-4CF75CA889F5}.Release|x86.ActiveCfg = Release|Any CPU
		{1ABE78FA-BF9F-4A87-9174-4CF75CA889F5}.Release|x86.Build.0 = Release|Any CPU
		{EBD29122-8724-482A-89D1-74FD6AF590B5}.Debug|Any CPU.ActiveCfg = Debug|Win32
		{EBD29122-8724-482A-89D1-74FD6AF590B5}.Debug|x64.ActiveCfg = Debug|x64
		{EBD29122-8724-482A-89D1-74FD6AF590B5}.Debug|x64.Build.0 = Debug|x64
		{EBD29122-8724-482A-89D1-74FD6AF590B5}.Debug|x86.ActiveCfg = Debug|Win32
		{EBD29122-8724-482A-89D1-74FD6AF590B5}.Debug|x86.Build.0 = Debug|Win32
		{EBD29122-8724-482A-89D1-74FD6AF590B5}.Release|Any CPU.ActiveCfg = Release|Win32
		{EBD29122-8724-482A-89D1-74FD6AF590B5}.Release|x64.ActiveCfg = Release|x64
		{EBD29122-8724-482A-89D1-74FD6AF590B5}.Release|x64.Build.0 = Release|x64
		{EBD29122-8724-482A-89D1-74FD6AF590B5}.Release|x86.ActiveCfg = Release|Win32
		{EBD29122-8724-482A-89D1-74FD6AF590B5}.Release|x86.Build.0 = Release|Win32
		{36E70841-9488-46F3-B9D9-CC86FBC1656B}.Debug|Any CPU.ActiveCfg = Debug|Win32
		{36E70841-9488-46F3-B9D9-CC86FBC1656B}.Debug|x64.ActiveCfg = Debug|x64
		{36E70841-9488-46F3-B9D9-CC86FBC1656B}.Debug|x64.Build.0 = Debug|x64
		{36E70841-9488-46F3-B9D9-CC86FBC1656B}.Debug|x86.ActiveCfg = Debug|Win32
		{36E70841-9488-46F3-B9D9-CC86FBC1656B}.Debug|x86.Build.0 = Debug|Win32
		{36E70841-9488-46F3-B9D9-CC86FBC1656B}.Release|Any CPU.ActiveCfg = Release|Win32
		{36E70841-9488-46F3-B9D9-CC86FBC1656B}.Release|x64.ActiveCfg = Release|x64
		{36E70841-9488-46F3-B9D9-CC86FBC1656B}.Release|x64.Build.0 = Release|x64
		{36E70841-9488-46F3-B9D9-CC86FBC1656B}.Release|x86.ActiveCfg = Release|Win32
		{36E70841-9488-46F3-B9D9-CC86FBC1656B}.Release|x86.Build.0 = Release|Win32
	EndGlobalSection
	GlobalSection(SolutionProperties) = preSolution
		HideSolutionNode = FALSE
	EndGlobalSection
	GlobalSection(NestedProjects) = preSolution
		{337EA565-8DC5-475A-BA11-DF18EF33D836} = {14F62F1C-C2E6-4C79-A10C-1571821CEB2E}
		{8F83C4FC-6D65-4D98-8D9D-E63ABCDC784B} = {14F62F1C-C2E6-4C79-A10C-1571821CEB2E}
		{8B04577F-B098-4B28-925C-BCF2C8BD051E} = {14F62F1C-C2E6-4C79-A10C-1571821CEB2E}
		{43A73555-2791-4FB8-9F48-1A40B83E0174} = {14F62F1C-C2E6-4C79-A10C-1571821CEB2E}
		{66B859CE-48AB-4BEA-98A1-6A0BEBC219DB} = {14F62F1C-C2E6-4C79-A10C-1571821CEB2E}
		{72FC91CB-E713-4806-8855-789D903FEB27} = {14F62F1C-C2E6-4C79-A10C-1571821CEB2E}
		{0CA812FB-51AD-4064-B343-1F5907EB2B4B} = {14F62F1C-C2E6-4C79-A10C-1571821CEB2E}
		{8D97B63C-AB7D-4890-92B9-D9BA6CDA00CC} = {14F62F1C-C2E6-4C79-A10C-1571821CEB2E}
		{945E5E77-3BE4-4E0B-9E29-438AB4325433} = {14F62F1C-C2E6-4C79-A10C-1571821CEB2E}
		{E4EED4A0-7775-4091-B86D-EF7B957D6ACE} = {14F62F1C-C2E6-4C79-A10C-1571821CEB2E}
		{E5F09A4D-1171-4682-AA24-606CB0C21AE4} = {14F62F1C-C2E6-4C79-A10C-1571821CEB2E}
		{5E80F988-9831-4FFE-A5E9-ECB7E6912BE7} = {14F62F1C-C2E6-4C79-A10C-1571821CEB2E}
		{C354366E-6124-451E-BE19-2FA99ECA7163} = {82420225-CDDB-4426-916F-44A23B20B8A0}
		{FA7A55D2-B822-4DBE-860B-D962071517DC} = {82420225-CDDB-4426-916F-44A23B20B8A0}
		{B1647F19-F0E0-4D58-8AB7-B5A4B25A43EC} = {82420225-CDDB-4426-916F-44A23B20B8A0}
		{1ABE78FA-BF9F-4A87-9174-4CF75CA889F5} = {82420225-CDDB-4426-916F-44A23B20B8A0}
		{EBD29122-8724-482A-89D1-74FD6AF590B5} = {14F62F1C-C2E6-4C79-A10C-1571821CEB2E}
		{36E70841-9488-46F3-B9D9-CC86FBC1656B} = {14F62F1C-C2E6-4C79-A10C-1571821CEB2E}
	EndGlobalSection
	GlobalSection(ExtensibilityGlobals) = postSolution
		SolutionGuid = {F1E79753-CD2B-4880-BAE4-9F9165F45202}
	EndGlobalSection
EndGlobal
